PODS:
  - 1PasswordExtension (1.8.4)
  - Alamofire (4.4.0)
  - AlamofireObjectMapper (4.0.2):
    - Alamofire (~> 4.1)
    - ObjectMapper (~> 2.0)
  - Cartography (1.1.0)
  - DrawerController (3.1.1):
    - DrawerController/Core (= 3.1.1)
    - DrawerController/DrawerVisualStates (= 3.1.1)
  - DrawerController/Core (3.1.1)
  - DrawerController/DrawerVisualStates (3.1.1):
    - DrawerController/Core
  - Fabric (1.6.11)
  - FXBlurView (1.6.4)
  - GTMRefresh (1.1.2)
  - Ji (2.0.1):
    - Ji/Ji (= 2.0.1)
  - Ji/Ji (2.0.1):
    - Ji/Ji-libxml
  - Ji/Ji-libxml (2.0.1)
  - Kingfisher (3.2.4)
  - ObjectMapper (2.2.6)
  - PKHUD (4.2.2)
  - Shimmer (1.0.2)
  - SKPhotoBrowser (4.0.1)
  - SnapKit (3.1.2)
  - YYText (1.0.7)

DEPENDENCIES:
  - 1PasswordExtension (~> 1.8.4)
  - Alamofire (~> 4.4.0)
  - AlamofireObjectMapper (~> 4.0.1)
  - Cartography
  - DrawerController (~> 3.1.0)
  - Fabric
  - FXBlurView (~> 1.6.4)
  - GTMRefresh
  - Ji (~> 2.0.1)
  - Kingfisher (~> 3.2.4)
  - ObjectMapper (= 2.2.6)
  - PKHUD
  - Shimmer (~> 1.0.2)
  - SKPhotoBrowser
  - SnapKit (~> 3.1.2)
  - YYText (~> 1.0.7)

SPEC CHECKSUMS:
  1PasswordExtension: e775a29310c65851e5a6cec1afc349ab4e334e47
  Alamofire: dc44b1600b800eb63da6a19039a0083d62a6a62d
  AlamofireObjectMapper: 94923a4320bbe52c1d0d462093277a9d6a755a78
  Cartography: 0538ccb4044acbbda2266335fc58cb4228794d90
  DrawerController: 2a5aa099e61a921359857bfe580f655055b0444c
  Fabric: 5911403591946b8228ab1c51d98f1d7137e863c6
  FXBlurView: db786c2561cb49a09ae98407f52460096ab8a44f
  GTMRefresh: 9c3bad3dab260dee3e28a92304ee0bfaf33419c1
  Ji: 6bb602a28dd08b804158f64990e6051ed5de0110
  Kingfisher: 8d80f39da403cd9c9ee11984e1655f4d6a566cdb
  ObjectMapper: 042708195cc46c20871cbcbec0453826398273fd
  PKHUD: 9a3599e04d57676ec14746c40e423a52fb6588c0
  Shimmer: c5374be1c2b0c9e292fb05b339a513cf291cac86
  SKPhotoBrowser: 3a7c6fc02aa1620ab17253a47a49fafda46536e8
  SnapKit: 12b24f569cb7c143acc9c22b9d91b23e7b1c84a2
  YYText: 5c461d709e24d55a182d1441c41dc639a18a4849

PODFILE CHECKSUM: 37910fea9d1db963b464da8b82f03d08a58d4586

COCOAPODS: 1.2.1
